
Microsoft Visual Studio Solution File, Format Version 12.00
# Visual Studio Version 17
VisualStudioVersion = 17.10.34902.84
MinimumVisualStudioVersion = 10.0.40219.1
Project("{FAE04EC0-301F-11D3-BF4B-00C04F79EFBC}") = "NZWalksAPI", "NZWalksAPI\NZWalksAPI.csproj", "{ED0B0055-A865-4312-96F4-F33BF391643D}"
EndProject
Global
	GlobalSection(SolutionConfigurationPlatforms) = preSolution
		Debug|Any CPU = Debug|Any CPU
		Release|Any CPU = Release|Any CPU
	EndGlobalSection
	GlobalSection(ProjectConfigurationPlatforms) = postSolution
		{ED0B0055-A865-4312-96F4-F33BF391643D}.Debug|Any CPU.ActiveCfg = Debug|Any CPU
		{ED0B0055-A865-4312-96F4-F33BF391643D}.Debug|Any CPU.Build.0 = Debug|Any CPU
		{ED0B0055-A865-4312-96F4-F33BF391643D}.Release|Any CPU.ActiveCfg = Release|Any CPU
		{ED0B0055-A865-4312-96F4-F33BF391643D}.Release|Any CPU.Build.0 = Release|Any CPU
	EndGlobalSection
	GlobalSection(SolutionProperties) = preSolution
		HideSolutionNode = FALSE
	EndGlobalSection
	GlobalSection(ExtensibilityGlobals) = postSolution
		SolutionGuid = {944DD585-C1B5-49C9-AC80-73458EC65738}
	EndGlobalSection
EndGlobal
